{
  "name": "remote-iterm2",
  "version": "1.2.3",
  "lockfileVersion": 3,
  "requires": true,
  "packages": {
    "": {
      "name": "remote-iterm2",
      "version": "1.2.3",
      "hasInstallScript": true,
      "license": "MIT",
      "os": [
        "darwin"
      ],
      "bin": {
        "remote-iterm2": "remote-iterm2"
      },
      "engines": {
        "node": ">=18"
      }
    }
  }
}
